
Microsoft Visual Studio Solution File, Format Version 12.00
# Visual Studio Version 17
VisualStudioVersion = 17.9.34723.18
MinimumVisualStudioVersion = 10.0.40219.1
Project("{9A19103F-16F7-4668-BE54-9A1E7A4F7556}") = "Fiap.Ingresso.Usuario.Teste", "src\teste\Fiap.Ingresso.Usuario.Teste\Fiap.Ingresso.Usuario.Teste.csproj", "{82F14327-8250-4222-8122-581A009E139C}"
EndProject
Project("{9A19103F-16F7-4668-BE54-9A1E7A4F7556}") = "Fiap.Ingresso.Evento.Teste", "src\teste\Fiap.Ingresso.Evento.Teste\Fiap.Ingresso.Evento.Teste.csproj", "{D7465B23-839D-4525-8365-55CD7800B771}"
EndProject
Project("{9A19103F-16F7-4668-BE54-9A1E7A4F7556}") = "Fiap.Ingresso.Ingresso.Teste", "src\teste\Fiap.Ingresso.Ingresso.Teste\Fiap.Ingresso.Ingresso.Teste.csproj", "{D605DF4E-F4D4-49D7-9E1E-476B43E87181}"
EndProject
Project("{9A19103F-16F7-4668-BE54-9A1E7A4F7556}") = "Fiap.Ingresso.Usuario.API", "src\servicos\Fiap.Ingresso.Usuario.API\Fiap.Ingresso.Usuario.API.csproj", "{F989D2AF-834C-4FDE-A6B0-2DF5901DA0FB}"
EndProject
Project("{9A19103F-16F7-4668-BE54-9A1E7A4F7556}") = "Fiap.Ingresso.Pagamento.Teste", "src\teste\Fiap.Ingresso.Pagamento.Teste\Fiap.Ingresso.Pagamento.Teste.csproj", "{1C3D8276-AEE0-4EA8-8ADB-E57F4A5CDF45}"
EndProject
Project("{2150E333-8FDC-42A3-9474-1A3956D46DE8}") = "Buildin Blocks", "Buildin Blocks", "{6807D7F5-B387-4DC9-82CD-6883C4472131}"
EndProject
Project("{2150E333-8FDC-42A3-9474-1A3956D46DE8}") = "Services", "Services", "{C6AB995A-9830-49A8-B394-96A1B62BF203}"
EndProject
Project("{9A19103F-16F7-4668-BE54-9A1E7A4F7556}") = "Fiap.Ingresso.WebAPI.Core", "src\building blocks\Fiap.Ingresso.WebAPI.Core\Fiap.Ingresso.WebAPI.Core.csproj", "{508167FA-821F-4D2C-B97E-BE2A42A11663}"
EndProject
Project("{9A19103F-16F7-4668-BE54-9A1E7A4F7556}") = "Fiap.Ingresso.Evento.API", "src\servicos\Fiap.Ingresso.Evento.API\Fiap.Ingresso.Evento.API.csproj", "{266B3CED-2E5D-4A03-894F-6F67938E8E68}"
EndProject
Project("{FAE04EC0-301F-11D3-BF4B-00C04F79EFBC}") = "Fiap.Ingresso.Pagamento.API", "Fiap.Ingresso.Pagamento.API\Fiap.Ingresso.Pagamento.API.csproj", "{7A883464-9996-4BB0-8453-577EEF8DB4F0}"
EndProject
Project("{9A19103F-16F7-4668-BE54-9A1E7A4F7556}") = "Fiap.Ingresso.Ingresso.API", "src\servicos\Fiap.Ingresso.Ingresso.API\Fiap.Ingresso.Ingresso.API.csproj", "{871E08AE-A6E1-4E83-A7D7-3060DACCD86A}"
EndProject
Global
	GlobalSection(SolutionConfigurationPlatforms) = preSolution
		Debug|Any CPU = Debug|Any CPU
		Release|Any CPU = Release|Any CPU
	EndGlobalSection
	GlobalSection(ProjectConfigurationPlatforms) = postSolution
		{82F14327-8250-4222-8122-581A009E139C}.Debug|Any CPU.ActiveCfg = Debug|Any CPU
		{82F14327-8250-4222-8122-581A009E139C}.Debug|Any CPU.Build.0 = Debug|Any CPU
		{82F14327-8250-4222-8122-581A009E139C}.Release|Any CPU.ActiveCfg = Release|Any CPU
		{82F14327-8250-4222-8122-581A009E139C}.Release|Any CPU.Build.0 = Release|Any CPU
		{D7465B23-839D-4525-8365-55CD7800B771}.Debug|Any CPU.ActiveCfg = Debug|Any CPU
		{D7465B23-839D-4525-8365-55CD7800B771}.Debug|Any CPU.Build.0 = Debug|Any CPU
		{D7465B23-839D-4525-8365-55CD7800B771}.Release|Any CPU.ActiveCfg = Release|Any CPU
		{D7465B23-839D-4525-8365-55CD7800B771}.Release|Any CPU.Build.0 = Release|Any CPU
		{D605DF4E-F4D4-49D7-9E1E-476B43E87181}.Debug|Any CPU.ActiveCfg = Debug|Any CPU
		{D605DF4E-F4D4-49D7-9E1E-476B43E87181}.Debug|Any CPU.Build.0 = Debug|Any CPU
		{D605DF4E-F4D4-49D7-9E1E-476B43E87181}.Release|Any CPU.ActiveCfg = Release|Any CPU
		{D605DF4E-F4D4-49D7-9E1E-476B43E87181}.Release|Any CPU.Build.0 = Release|Any CPU
		{F989D2AF-834C-4FDE-A6B0-2DF5901DA0FB}.Debug|Any CPU.ActiveCfg = Debug|Any CPU
		{F989D2AF-834C-4FDE-A6B0-2DF5901DA0FB}.Debug|Any CPU.Build.0 = Debug|Any CPU
		{F989D2AF-834C-4FDE-A6B0-2DF5901DA0FB}.Release|Any CPU.ActiveCfg = Release|Any CPU
		{F989D2AF-834C-4FDE-A6B0-2DF5901DA0FB}.Release|Any CPU.Build.0 = Release|Any CPU
		{1C3D8276-AEE0-4EA8-8ADB-E57F4A5CDF45}.Debug|Any CPU.ActiveCfg = Debug|Any CPU
		{1C3D8276-AEE0-4EA8-8ADB-E57F4A5CDF45}.Debug|Any CPU.Build.0 = Debug|Any CPU
		{1C3D8276-AEE0-4EA8-8ADB-E57F4A5CDF45}.Release|Any CPU.ActiveCfg = Release|Any CPU
		{1C3D8276-AEE0-4EA8-8ADB-E57F4A5CDF45}.Release|Any CPU.Build.0 = Release|Any CPU
		{508167FA-821F-4D2C-B97E-BE2A42A11663}.Debug|Any CPU.ActiveCfg = Debug|Any CPU
		{508167FA-821F-4D2C-B97E-BE2A42A11663}.Debug|Any CPU.Build.0 = Debug|Any CPU
		{508167FA-821F-4D2C-B97E-BE2A42A11663}.Release|Any CPU.ActiveCfg = Release|Any CPU
		{508167FA-821F-4D2C-B97E-BE2A42A11663}.Release|Any CPU.Build.0 = Release|Any CPU
		{266B3CED-2E5D-4A03-894F-6F67938E8E68}.Debug|Any CPU.ActiveCfg = Debug|Any CPU
		{266B3CED-2E5D-4A03-894F-6F67938E8E68}.Debug|Any CPU.Build.0 = Debug|Any CPU
		{266B3CED-2E5D-4A03-894F-6F67938E8E68}.Release|Any CPU.ActiveCfg = Release|Any CPU
		{266B3CED-2E5D-4A03-894F-6F67938E8E68}.Release|Any CPU.Build.0 = Release|Any CPU
	EndGlobalSection
	GlobalSection(SolutionProperties) = preSolution
		HideSolutionNode = FALSE
	EndGlobalSection
	GlobalSection(NestedProjects) = preSolution
		{C6AB995A-9830-49A8-B394-96A1B62BF203} = {6807D7F5-B387-4DC9-82CD-6883C4472131}
		{508167FA-821F-4D2C-B97E-BE2A42A11663} = {C6AB995A-9830-49A8-B394-96A1B62BF203}
	EndGlobalSection
	GlobalSection(ExtensibilityGlobals) = postSolution
		SolutionGuid = {240CBBA6-1CF0-4C04-8EA9-DDBF37D33CF9}
	EndGlobalSection
EndGlobal
